{
  "nodes": {
    "nixpkgs": {
      "locked": {
        "lastModified": 1721761600,
        "narHash": "sha256-Oy4uAkf2IQg+a0o70NSi6LJ706Z4v8z+sGaAxvURG1Y=",
        "owner": "nixos",
        "repo": "nixpkgs",
        "rev": "b3155a0c25cd57c9727d82fb3645d95b7f9be034",
        "type": "github"
      },
      "original": {
        "owner": "nixos",
        "ref": "refs/pull/327184/merge",
        "repo": "nixpkgs",
        "type": "github"
      }
    },
    "root": {
      "inputs": {
        "nixpkgs": "nixpkgs"
      }
    }
  },
  "root": "root",
  "version": 7
}
