{
  "nodes": {
    "nixpkgs": {
      "locked": {
        "lastModified": 1700903605,
        "narHash": "sha256-x54B4oneVTB7d+8L+QysLfjueAn6M3ukvx0WsJmrUu0=",
        "owner": "SamLukeYes",
        "repo": "nixpkgs",
        "rev": "fe795f0266a80c09124b63e1be55f3f0a4b5880f",
        "type": "github"
      },
      "original": {
        "owner": "SamLukeYes",
        "ref": "qadwaitadecorations",
        "repo": "nixpkgs",
        "type": "github"
      }
    },
    "root": {
      "inputs": {
        "nixpkgs": "nixpkgs"
      }
    }
  },
  "root": "root",
  "version": 7
}
