{
  "nodes": {
    "nixpkgs": {
      "locked": {
        "lastModified": 1729273902,
        "narHash": "sha256-p9+3KzsoqBVPOY7OlW+C5F0CwSWYApNKbInRb/zenfo=",
        "owner": "nixos",
        "repo": "nixpkgs",
        "rev": "94fd3ae09bc660eb26c51ced5692067cd6a60139",
        "type": "github"
      },
      "original": {
        "owner": "nixos",
        "ref": "refs/pull/348854/merge",
        "repo": "nixpkgs",
        "type": "github"
      }
    },
    "root": {
      "inputs": {
        "nixpkgs": "nixpkgs"
      }
    }
  },
  "root": "root",
  "version": 7
}
